PODS:
  - FBSnapshotTestCase (2.1.4):
    - FBSnapshotTestCase/SwiftSupport (= 2.1.4)
  - FBSnapshotTestCase/Core (2.1.4)
  - FBSnapshotTestCase/SwiftSupport (2.1.4):
    - FBSnapshotTestCase/Core
  - SKFDownLoadLib (0.5.0)

DEPENDENCIES:
  - FBSnapshotTestCase
  - SKFDownLoadLib (from `../`)

EXTERNAL SOURCES:
  SKFDownLoadLib:
    :path: "../"

SPEC CHECKSUMS:
  FBSnapshotTestCase: '094f9f314decbabe373b87cc339bea235a63e07a'
  SKFDownLoadLib: 59aec02f8e3a38ddb12d385a00af64a361cd30cd

PODFILE CHECKSUM: cd77cf51146f38760fbdf5f55861aa64c86c9282

COCOAPODS: 1.2.0
